
Microsoft Visual Studio Solution File, Format Version 12.00
# Visual Studio Version 17
VisualStudioVersion = 17.8.34525.116
MinimumVisualStudioVersion = 10.0.40219.1
Project("{9A19103F-16F7-4668-BE54-9A1E7A4F7556}") = "WebApi", "WebApi\WebApi.csproj", "{4255A5C6-F246-4453-B0FE-FBC8BDE9A066}"
EndProject
Project("{9A19103F-16F7-4668-BE54-9A1E7A4F7556}") = "Tests", "Tests\Tests.csproj", "{F03A1C73-D859-4867-8E1D-31E58B511E45}"
EndProject
Project("{9A19103F-16F7-4668-BE54-9A1E7A4F7556}") = "ServiceInterfaces", "ServiceInterfaces\ServiceInterfaces.csproj", "{E641A788-93DA-4985-BB80-053E99CBAE64}"
EndProject
Project("{FAE04EC0-301F-11D3-BF4B-00C04F79EFBC}") = "Entidades", "Entidades\Entidades.csproj", "{E4F206A9-7898-4A72-922F-AF1363064CFD}"
EndProject
Project("{FAE04EC0-301F-11D3-BF4B-00C04F79EFBC}") = "DataAccess", "DataAccess\DataAccess.csproj", "{A02B8BF1-C949-4103-B4D4-55F95B082E49}"
EndProject
Global
	GlobalSection(SolutionConfigurationPlatforms) = preSolution
		Debug|Any CPU = Debug|Any CPU
		Release|Any CPU = Release|Any CPU
	EndGlobalSection
	GlobalSection(ProjectConfigurationPlatforms) = postSolution
		{4255A5C6-F246-4453-B0FE-FBC8BDE9A066}.Debug|Any CPU.ActiveCfg = Debug|Any CPU
		{4255A5C6-F246-4453-B0FE-FBC8BDE9A066}.Debug|Any CPU.Build.0 = Debug|Any CPU
		{4255A5C6-F246-4453-B0FE-FBC8BDE9A066}.Release|Any CPU.ActiveCfg = Release|Any CPU
		{4255A5C6-F246-4453-B0FE-FBC8BDE9A066}.Release|Any CPU.Build.0 = Release|Any CPU
		{F03A1C73-D859-4867-8E1D-31E58B511E45}.Debug|Any CPU.ActiveCfg = Debug|Any CPU
		{F03A1C73-D859-4867-8E1D-31E58B511E45}.Debug|Any CPU.Build.0 = Debug|Any CPU
		{F03A1C73-D859-4867-8E1D-31E58B511E45}.Release|Any CPU.ActiveCfg = Release|Any CPU
		{F03A1C73-D859-4867-8E1D-31E58B511E45}.Release|Any CPU.Build.0 = Release|Any CPU
		{E641A788-93DA-4985-BB80-053E99CBAE64}.Debug|Any CPU.ActiveCfg = Debug|Any CPU
		{E641A788-93DA-4985-BB80-053E99CBAE64}.Debug|Any CPU.Build.0 = Debug|Any CPU
		{E641A788-93DA-4985-BB80-053E99CBAE64}.Release|Any CPU.ActiveCfg = Release|Any CPU
		{E641A788-93DA-4985-BB80-053E99CBAE64}.Release|Any CPU.Build.0 = Release|Any CPU
		{E4F206A9-7898-4A72-922F-AF1363064CFD}.Debug|Any CPU.ActiveCfg = Debug|Any CPU
		{E4F206A9-7898-4A72-922F-AF1363064CFD}.Debug|Any CPU.Build.0 = Debug|Any CPU
		{E4F206A9-7898-4A72-922F-AF1363064CFD}.Release|Any CPU.ActiveCfg = Release|Any CPU
		{E4F206A9-7898-4A72-922F-AF1363064CFD}.Release|Any CPU.Build.0 = Release|Any CPU
		{A02B8BF1-C949-4103-B4D4-55F95B082E49}.Debug|Any CPU.ActiveCfg = Debug|Any CPU
		{A02B8BF1-C949-4103-B4D4-55F95B082E49}.Debug|Any CPU.Build.0 = Debug|Any CPU
		{A02B8BF1-C949-4103-B4D4-55F95B082E49}.Release|Any CPU.ActiveCfg = Release|Any CPU
		{A02B8BF1-C949-4103-B4D4-55F95B082E49}.Release|Any CPU.Build.0 = Release|Any CPU
	EndGlobalSection
	GlobalSection(SolutionProperties) = preSolution
		HideSolutionNode = FALSE
	EndGlobalSection
	GlobalSection(ExtensibilityGlobals) = postSolution
		SolutionGuid = {D0BA0A1A-4C2D-4BA4-9CA8-8F0B0BD2A834}
	EndGlobalSection
EndGlobal
